// !$*UTF8*$!
{
	archiveVersion = 1;
	classes = {
	};
	objectVersion = 50;
	objects = {

/* Begin PBXBuildFile section */
		D60384F425DF562800FC7F5F /* AppDelegate.swift in Sources */ = {isa = PBXBuildFile; fileRef = D60384F325DF562800FC7F5F /* AppDelegate.swift */; };
		D60384F625DF562800FC7F5F /* SceneDelegate.swift in Sources */ = {isa = PBXBuildFile; fileRef = D60384F525DF562800FC7F5F /* SceneDelegate.swift */; };
		D60384FB25DF562800FC7F5F /* Main.storyboard in Resources */ = {isa = PBXBuildFile; fileRef = D60384F925DF562800FC7F5F /* Main.storyboard */; };
		D60384FD25DF562A00FC7F5F /* Assets.xcassets in Resources */ = {isa = PBXBuildFile; fileRef = D60384FC25DF562A00FC7F5F /* Assets.xcassets */; };
		D603850025DF562A00FC7F5F /* LaunchScreen.storyboard in Resources */ = {isa = PBXBuildFile; fileRef = D60384FE25DF562A00FC7F5F /* LaunchScreen.storyboard */; };
		D603850B25DF562B00FC7F5F /* flixsterTests.swift in Sources */ = {isa = PBXBuildFile; fileRef = D603850A25DF562B00FC7F5F /* flixsterTests.swift */; };
		D603851625DF562B00FC7F5F /* flixsterUITests.swift in Sources */ = {isa = PBXBuildFile; fileRef = D603851525DF562B00FC7F5F /* flixsterUITests.swift */; };
		D603852A25DF585900FC7F5F /* MoviesViewController.swift in Sources */ = {isa = PBXBuildFile; fileRef = D603852925DF585900FC7F5F /* MoviesViewController.swift */; };
		D6B0041225E040980043991D /* MovieCell.swift in Sources */ = {isa = PBXBuildFile; fileRef = D6B0041125E040980043991D /* MovieCell.swift */; };
/* End PBXBuildFile section */

/* Begin PBXContainerItemProxy section */
		D603850725DF562B00FC7F5F /* PBXContainerItemProxy */ = {
			isa = PBXContainerItemProxy;
			containerPortal = D60384E825DF562800FC7F5F /* Project object */;
			proxyType = 1;
			remoteGlobalIDString = D60384EF25DF562800FC7F5F;
			remoteInfo = flixster;
		};
		D603851225DF562B00FC7F5F /* PBXContainerItemProxy */ = {
			isa = PBXContainerItemProxy;
			containerPortal = D60384E825DF562800FC7F5F /* Project object */;
			proxyType = 1;
			remoteGlobalIDString = D60384EF25DF562800FC7F5F;
			remoteInfo = flixster;
		};
/* End PBXContainerItemProxy section */

/* Begin PBXFileReference section */
		D60384F025DF562800FC7F5F /* flixster.app */ = {isa = PBXFileReference; explicitFileType = wrapper.application; includeInIndex = 0; path = flixster.app; sourceTree = BUILT_PRODUCTS_DIR; };
		D60384F325DF562800FC7F5F /* AppDelegate.swift */ = {isa = PBXFileReference; lastKnownFileType = sourcecode.swift; path = AppDelegate.swift; sourceTree = "<group>"; };
		D60384F525DF562800FC7F5F /* SceneDelegate.swift */ = {isa = PBXFileReference; lastKnownFileType = sourcecode.swift; path = SceneDelegate.swift; sourceTree = "<group>"; };
		D60384FA25DF562800FC7F5F /* Base */ = {isa = PBXFileReference; lastKnownFileType = file.storyboard; name = Base; path = Base.lproj/Main.storyboard; sourceTree = "<group>"; };
		D60384FC25DF562A00FC7F5F /* Assets.xcassets */ = {isa = PBXFileReference; lastKnownFileType = folder.assetcatalog; path = Assets.xcassets; sourceTree = "<group>"; };
		D60384FF25DF562A00FC7F5F /* Base */ = {isa = PBXFileReference; lastKnownFileType = file.storyboard; name = Base; path = Base.lproj/LaunchScreen.storyboard; sourceTree = "<group>"; };
		D603850125DF562A00FC7F5F /* Info.plist */ = {isa = PBXFileReference; lastKnownFileType = text.plist.xml; path = Info.plist; sourceTree = "<group>"; };
		D603850625DF562B00FC7F5F /* flixsterTests.xctest */ = {isa = PBXFileReference; explicitFileType = wrapper.cfbundle; includeInIndex = 0; path = flixsterTests.xctest; sourceTree = BUILT_PRODUCTS_DIR; };
		D603850A25DF562B00FC7F5F /* flixsterTests.swift */ = {isa = PBXFileReference; lastKnownFileType = sourcecode.swift; path = flixsterTests.swift; sourceTree = "<group>"; };
		D603850C25DF562B00FC7F5F /* Info.plist */ = {isa = PBXFileReference; lastKnownFileType = text.plist.xml; path = Info.plist; sourceTree = "<group>"; };
		D603851125DF562B00FC7F5F /* flixsterUITests.xctest */ = {isa = PBXFileReference; explicitFileType = wrapper.cfbundle; includeInIndex = 0; path = flixsterUITests.xctest; sourceTree = BUILT_PRODUCTS_DIR; };
		D603851525DF562B00FC7F5F /* flixsterUITests.swift */ = {isa = PBXFileReference; lastKnownFileType = sourcecode.swift; path = flixsterUITests.swift; sourceTree = "<group>"; };
		D603851725DF562B00FC7F5F /* Info.plist */ = {isa = PBXFileReference; lastKnownFileType = text.plist.xml; path = Info.plist; sourceTree = "<group>"; };
		D603852925DF585900FC7F5F /* MoviesViewController.swift */ = {isa = PBXFileReference; lastKnownFileType = sourcecode.swift; path = MoviesViewController.swift; sourceTree = "<group>"; };
		D6B0041125E040980043991D /* MovieCell.swift */ = {isa = PBXFileReference; lastKnownFileType = sourcecode.swift; path = MovieCell.swift; sourceTree = "<group>"; };
/* End PBXFileReference section */

/* Begin PBXFrameworksBuildPhase section */
		D60384ED25DF562800FC7F5F /* Frameworks */ = {
			isa = PBXFrameworksBuildPhase;
			buildActionMask = 2147483647;
			files = (
			);
			runOnlyForDeploymentPostprocessing = 0;
		};
		D603850325DF562B00FC7F5F /* Frameworks */ = {
			isa = PBXFrameworksBuildPhase;
			buildActionMask = 2147483647;
			files = (
			);
			runOnlyForDeploymentPostprocessing = 0;
		};
		D603850E25DF562B00FC7F5F /* Frameworks */ = {
			isa = PBXFrameworksBuildPhase;
			buildActionMask = 2147483647;
			files = (
			);
			runOnlyForDeploymentPostprocessing = 0;
		};
/* End PBXFrameworksBuildPhase section */

/* Begin PBXGroup section */
		D60384E725DF562800FC7F5F = {
			isa = PBXGroup;
			children = (
				D60384F225DF562800FC7F5F /* flixster */,
				D603850925DF562B00FC7F5F /* flixsterTests */,
				D603851425DF562B00FC7F5F /* flixsterUITests */,
				D60384F125DF562800FC7F5F /* Products */,
			);
			sourceTree = "<group>";
		};
		D60384F125DF562800FC7F5F /* Products */ = {
			isa = PBXGroup;
			children = (
				D60384F025DF562800FC7F5F /* flixster.app */,
				D603850625DF562B00FC7F5F /* flixsterTests.xctest */,
				D603851125DF562B00FC7F5F /* flixsterUITests.xctest */,
			);
			name = Products;
			sourceTree = "<group>";
		};
		D60384F225DF562800FC7F5F /* flixster */ = {
			isa = PBXGroup;
			children = (
				D60384F325DF562800FC7F5F /* AppDelegate.swift */,
				D60384F525DF562800FC7F5F /* SceneDelegate.swift */,
				D60384F925DF562800FC7F5F /* Main.storyboard */,
				D60384FC25DF562A00FC7F5F /* Assets.xcassets */,
				D60384FE25DF562A00FC7F5F /* LaunchScreen.storyboard */,
				D603850125DF562A00FC7F5F /* Info.plist */,
				D603852925DF585900FC7F5F /* MoviesViewController.swift */,
				D6B0041125E040980043991D /* MovieCell.swift */,
			);
			path = flixster;
			sourceTree = "<group>";
		};
		D603850925DF562B00FC7F5F /* flixsterTests */ = {
			isa = PBXGroup;
			children = (
				D603850A25DF562B00FC7F5F /* flixsterTests.swift */,
				D603850C25DF562B00FC7F5F /* Info.plist */,
			);
			path = flixsterTests;
			sourceTree = "<group>";
		};
		D603851425DF562B00FC7F5F /* flixsterUITests */ = {
			isa = PBXGroup;
			children = (
				D603851525DF562B00FC7F5F /* flixsterUITests.swift */,
				D603851725DF562B00FC7F5F /* Info.plist */,
			);
			path = flixsterUITests;
			sourceTree = "<group>";
		};
/* End PBXGroup section */

/* Begin PBXNativeTarget section */
		D60384EF25DF562800FC7F5F /* flixster */ = {
			isa = PBXNativeTarget;
			buildConfigurationList = D603851A25DF562B00FC7F5F /* Build configuration list for PBXNativeTarget "flixster" */;
			buildPhases = (
				D60384EC25DF562800FC7F5F /* Sources */,
				D60384ED25DF562800FC7F5F /* Frameworks */,
				D60384EE25DF562800FC7F5F /* Resources */,
			);
			buildRules = (
			);
			dependencies = (
			);
			name = flixster;
			productName = flixster;
			productReference = D60384F025DF562800FC7F5F /* flixster.app */;
			productType = "com.apple.product-type.application";
		};
		D603850525DF562B00FC7F5F /* flixsterTests */ = {
			isa = PBXNativeTarget;
			buildConfigurationList = D603851D25DF562B00FC7F5F /* Build configuration list for PBXNativeTarget "flixsterTests" */;
			buildPhases = (
				D603850225DF562B00FC7F5F /* Sources */,
				D603850325DF562B00FC7F5F /* Frameworks */,
				D603850425DF562B00FC7F5F /* Resources */,
			);
			buildRules = (
			);
			dependencies = (
				D603850825DF562B00FC7F5F /* PBXTargetDependency */,
			);
			name = flixsterTests;
			productName = flixsterTests;
			productReference = D603850625DF562B00FC7F5F /* flixsterTests.xctest */;
			productType = "com.apple.product-type.bundle.unit-test";
		};
		D603851025DF562B00FC7F5F /* flixsterUITests */ = {
			isa = PBXNativeTarget;
			buildConfigurationList = D603852025DF562B00FC7F5F /* Build configuration list for PBXNativeTarget "flixsterUITests" */;
			buildPhases = (
				D603850D25DF562B00FC7F5F /* Sources */,
				D603850E25DF562B00FC7F5F /* Frameworks */,
				D603850F25DF562B00FC7F5F /* Resources */,
			);
			buildRules = (
			);
			dependencies = (
				D603851325DF562B00FC7F5F /* PBXTargetDependency */,
			);
			name = flixsterUITests;
			productName = flixsterUITests;
			productReference = D603851125DF562B00FC7F5F /* flixsterUITests.xctest */;
			productType = "com.apple.product-type.bundle.ui-testing";
		};
/* End PBXNativeTarget section */

/* Begin PBXProject section */
		D60384E825DF562800FC7F5F /* Project object */ = {
			isa = PBXProject;
			attributes = {
				LastSwiftUpdateCheck = 1240;
				LastUpgradeCheck = 1240;
				TargetAttributes = {
					D60384EF25DF562800FC7F5F = {
						CreatedOnToolsVersion = 12.4;
					};
					D603850525DF562B00FC7F5F = {
						CreatedOnToolsVersion = 12.4;
						TestTargetID = D60384EF25DF562800FC7F5F;
					};
					D603851025DF562B00FC7F5F = {
						CreatedOnToolsVersion = 12.4;
						TestTargetID = D60384EF25DF562800FC7F5F;
					};
				};
			};
			buildConfigurationList = D60384EB25DF562800FC7F5F /* Build configuration list for PBXProject "flixster" */;
			compatibilityVersion = "Xcode 9.3";
			developmentRegion = en;
			hasScannedForEncodings = 0;
			knownRegions = (
				en,
				Base,
			);
			mainGroup = D60384E725DF562800FC7F5F;
			productRefGroup = D60384F125DF562800FC7F5F /* Products */;
			projectDirPath = "";
			projectRoot = "";
			targets = (
				D60384EF25DF562800FC7F5F /* flixster */,
				D603850525DF562B00FC7F5F /* flixsterTests */,
				D603851025DF562B00FC7F5F /* flixsterUITests */,
			);
		};
/* End PBXProject section */

/* Begin PBXResourcesBuildPhase section */
		D60384EE25DF562800FC7F5F /* Resources */ = {
			isa = PBXResourcesBuildPhase;
			buildActionMask = 2147483647;
			files = (
				D603850025DF562A00FC7F5F /* LaunchScreen.storyboard in Resources */,
				D60384FD25DF562A00FC7F5F /* Assets.xcassets in Resources */,
				D60384FB25DF562800FC7F5F /* Main.storyboard in Resources */,
			);
			runOnlyForDeploymentPostprocessing = 0;
		};
		D603850425DF562B00FC7F5F /* Resources */ = {
			isa = PBXResourcesBuildPhase;
			buildActionMask = 2147483647;
			files = (
			);
			runOnlyForDeploymentPostprocessing = 0;
		};
		D603850F25DF562B00FC7F5F /* Resources */ = {
			isa = PBXResourcesBuildPhase;
			buildActionMask = 2147483647;
			files = (
			);
			runOnlyForDeploymentPostprocessing = 0;
		};
/* End PBXResourcesBuildPhase section */

/* Begin PBXSourcesBuildPhase section */
		D60384EC25DF562800FC7F5F /* Sources */ = {
			isa = PBXSourcesBuildPhase;
			buildActionMask = 2147483647;
			files = (
				D60384F425DF562800FC7F5F /* AppDelegate.swift in Sources */,
				D60384F625DF562800FC7F5F /* SceneDelegate.swift in Sources */,
				D6B0041225E040980043991D /* MovieCell.swift in Sources */,
				D603852A25DF585900FC7F5F /* MoviesViewController.swift in Sources */,
			);
			runOnlyForDeploymentPostprocessing = 0;
		};
		D603850225DF562B00FC7F5F /* Sources */ = {
			isa = PBXSourcesBuildPhase;
			buildActionMask = 2147483647;
			files = (
				D603850B25DF562B00FC7F5F /* flixsterTests.swift in Sources */,
			);
			runOnlyForDeploymentPostprocessing = 0;
		};
		D603850D25DF562B00FC7F5F /* Sources */ = {
			isa = PBXSourcesBuildPhase;
			buildActionMask = 2147483647;
			files = (
				D603851625DF562B00FC7F5F /* flixsterUITests.swift in Sources */,
			);
			runOnlyForDeploymentPostprocessing = 0;
		};
/* End PBXSourcesBuildPhase section */

/* Begin PBXTargetDependency section */
		D603850825DF562B00FC7F5F /* PBXTargetDependency */ = {
			isa = PBXTargetDependency;
			target = D60384EF25DF562800FC7F5F /* flixster */;
			targetProxy = D603850725DF562B00FC7F5F /* PBXContainerItemProxy */;
		};
		D603851325DF562B00FC7F5F /* PBXTargetDependency */ = {
			isa = PBXTargetDependency;
			target = D60384EF25DF562800FC7F5F /* flixster */;
			targetProxy = D603851225DF562B00FC7F5F /* PBXContainerItemProxy */;
		};
/* End PBXTargetDependency section */

/* Begin PBXVariantGroup section */
		D60384F925DF562800FC7F5F /* Main.storyboard */ = {
			isa = PBXVariantGroup;
			children = (
				D60384FA25DF562800FC7F5F /* Base */,
			);
			name = Main.storyboard;
			sourceTree = "<group>";
		};
		D60384FE25DF562A00FC7F5F /* LaunchScreen.storyboard */ = {
			isa = PBXVariantGroup;
			children = (
				D60384FF25DF562A00FC7F5F /* Base */,
			);
			name = LaunchScreen.storyboard;
			sourceTree = "<group>";
		};
/* End PBXVariantGroup section */

/* Begin XCBuildConfiguration section */
		D603851825DF562B00FC7F5F /* Debug */ = {
			isa = XCBuildConfiguration;
			buildSettings = {
				ALWAYS_SEARCH_USER_PATHS = NO;
				CLANG_ANALYZER_NONNULL = YES;
				CLANG_ANALYZER_NUMBER_OBJECT_CONVERSION = YES_AGGRESSIVE;
				CLANG_CXX_LANGUAGE_STANDARD = "gnu++14";
				CLANG_CXX_LIBRARY = "libc++";
				CLANG_ENABLE_MODULES = YES;
				CLANG_ENABLE_OBJC_ARC = YES;
				CLANG_ENABLE_OBJC_WEAK = YES;
				CLANG_WARN_BLOCK_CAPTURE_AUTORELEASING = YES;
				CLANG_WARN_BOOL_CONVERSION = YES;
				CLANG_WARN_COMMA = YES;
				CLANG_WARN_CONSTANT_CONVERSION = YES;
				CLANG_WARN_DEPRECATED_OBJC_IMPLEMENTATIONS = YES;
				CLANG_WARN_DIRECT_OBJC_ISA_USAGE = YES_ERROR;
				CLANG_WARN_DOCUMENTATION_COMMENTS = YES;
				CLANG_WARN_EMPTY_BODY = YES;
				CLANG_WARN_ENUM_CONVERSION = YES;
				CLANG_WARN_INFINITE_RECURSION = YES;
				CLANG_WARN_INT_CONVERSION = YES;
				CLANG_WARN_NON_LITERAL_NULL_CONVERSION = YES;
				CLANG_WARN_OBJC_IMPLICIT_RETAIN_SELF = YES;
				CLANG_WARN_OBJC_LITERAL_CONVERSION = YES;
				CLANG_WARN_OBJC_ROOT_CLASS = YES_ERROR;
				CLANG_WARN_QUOTED_INCLUDE_IN_FRAMEWORK_HEADER = YES;
				CLANG_WARN_RANGE_LOOP_ANALYSIS = YES;
				CLANG_WARN_STRICT_PROTOTYPES = YES;
				CLANG_WARN_SUSPICIOUS_MOVE = YES;
				CLANG_WARN_UNGUARDED_AVAILABILITY = YES_AGGRESSIVE;
				CLANG_WARN_UNREACHABLE_CODE = YES;
				CLANG_WARN__DUPLICATE_METHOD_MATCH = YES;
				COPY_PHASE_STRIP = NO;
				DEBUG_INFORMATION_FORMAT = dwarf;
				ENABLE_STRICT_OBJC_MSGSEND = YES;
				ENABLE_TESTABILITY = YES;
				GCC_C_LANGUAGE_STANDARD = gnu11;
				GCC_DYNAMIC_NO_PIC = NO;
				GCC_NO_COMMON_BLOCKS = YES;
				GCC_OPTIMIZATION_LEVEL = 0;
				GCC_PREPROCESSOR_DEFINITIONS = (
					"DEBUG=1",
					"$(inherited)",
				);
				GCC_WARN_64_TO_32_BIT_CONVERSION = YES;
				GCC_WARN_ABOUT_RETURN_TYPE = YES_ERROR;
				GCC_WARN_UNDECLARED_SELECTOR = YES;
				GCC_WARN_UNINITIALIZED_AUTOS = YES_AGGRESSIVE;
				GCC_WARN_UNUSED_FUNCTION = YES;
				GCC_WARN_UNUSED_VARIABLE = YES;
				IPHONEOS_DEPLOYMENT_TARGET = 14.4;
				MTL_ENABLE_DEBUG_INFO = INCLUDE_SOURCE;
				MTL_FAST_MATH = YES;
				ONLY_ACTIVE_ARCH = YES;
				SDKROOT = iphoneos;
				SWIFT_ACTIVE_COMPILATION_CONDITIONS = DEBUG;
				SWIFT_OPTIMIZATION_LEVEL = "-Onone";
			};
			name = Debug;
		};
		D603851925DF562B00FC7F5F /* Release */ = {
			isa = XCBuildConfiguration;
			buildSettings = {
				ALWAYS_SEARCH_USER_PATHS = NO;
				CLANG_ANALYZER_NONNULL = YES;
				CLANG_ANALYZER_NUMBER_OBJECT_CONVERSION = YES_AGGRESSIVE;
				CLANG_CXX_LANGUAGE_STANDARD = "gnu++14";
				CLANG_CXX_LIBRARY = "libc++";
				CLANG_ENABLE_MODULES = YES;
				CLANG_ENABLE_OBJC_ARC = YES;
				CLANG_ENABLE_OBJC_WEAK = YES;
				CLANG_WARN_BLOCK_CAPTURE_AUTORELEASING = YES;
				CLANG_WARN_BOOL_CONVERSION = YES;
				CLANG_WARN_COMMA = YES;
				CLANG_WARN_CONSTANT_CONVERSION = YES;
				CLANG_WARN_DEPRECATED_OBJC_IMPLEMENTATIONS = YES;
				CLANG_WARN_DIRECT_OBJC_ISA_USAGE = YES_ERROR;
				CLANG_WARN_DOCUMENTATION_COMMENTS = YES;
				CLANG_WARN_EMPTY_BODY = YES;
				CLANG_WARN_ENUM_CONVERSION = YES;
				CLANG_WARN_INFINITE_RECURSION = YES;
				CLANG_WARN_INT_CONVERSION = YES;
				CLANG_WARN_NON_LITERAL_NULL_CONVERSION = YES;
				CLANG_WARN_OBJC_IMPLICIT_RETAIN_SELF = YES;
				CLANG_WARN_OBJC_LITERAL_CONVERSION = YES;
				CLANG_WARN_OBJC_ROOT_CLASS = YES_ERROR;
				CLANG_WARN_QUOTED_INCLUDE_IN_FRAMEWORK_HEADER = YES;
				CLANG_WARN_RANGE_LOOP_ANALYSIS = YES;
				CLANG_WARN_STRICT_PROTOTYPES = YES;
				CLANG_WARN_SUSPICIOUS_MOVE = YES;
				CLANG_WARN_UNGUARDED_AVAILABILITY = YES_AGGRESSIVE;
				CLANG_WARN_UNREACHABLE_CODE = YES;
				CLANG_WARN__DUPLICATE_METHOD_MATCH = YES;
				COPY_PHASE_STRIP = NO;
				DEBUG_INFORMATION_FORMAT = "dwarf-with-dsym";
				ENABLE_NS_ASSERTIONS = NO;
				ENABLE_STRICT_OBJC_MSGSEND = YES;
				GCC_C_LANGUAGE_STANDARD = gnu11;
				GCC_NO_COMMON_BLOCKS = YES;
				GCC_WARN_64_TO_32_BIT_CONVERSION = YES;
				GCC_WARN_ABOUT_RETURN_TYPE = YES_ERROR;
				GCC_WARN_UNDECLARED_SELECTOR = YES;
				GCC_WARN_UNINITIALIZED_AUTOS = YES_AGGRESSIVE;
				GCC_WARN_UNUSED_FUNCTION = YES;
				GCC_WARN_UNUSED_VARIABLE = YES;
				IPHONEOS_DEPLOYMENT_TARGET = 14.4;
				MTL_ENABLE_DEBUG_INFO = NO;
				MTL_FAST_MATH = YES;
				SDKROOT = iphoneos;
				SWIFT_COMPILATION_MODE = wholemodule;
				SWIFT_OPTIMIZATION_LEVEL = "-O";
				VALIDATE_PRODUCT = YES;
			};
			name = Release;
		};
		D603851B25DF562B00FC7F5F /* Debug */ = {
			isa = XCBuildConfiguration;
			buildSettings = {
				ASSETCATALOG_COMPILER_APPICON_NAME = AppIcon;
				ASSETCATALOG_COMPILER_GLOBAL_ACCENT_COLOR_NAME = AccentColor;
				CODE_SIGN_STYLE = Automatic;
				INFOPLIST_FILE = flixster/Info.plist;
				LD_RUNPATH_SEARCH_PATHS = (
					"$(inherited)",
					"@executable_path/Frameworks",
				);
				PRODUCT_BUNDLE_IDENTIFIER = "houyhourung88-gmail.com.flixster";
				PRODUCT_NAME = "$(TARGET_NAME)";
				SWIFT_VERSION = 5.0;
				TARGETED_DEVICE_FAMILY = "1,2";
			};
			name = Debug;
		};
		D603851C25DF562B00FC7F5F /* Release */ = {
			isa = XCBuildConfiguration;
			buildSettings = {
				ASSETCATALOG_COMPILER_APPICON_NAME = AppIcon;
				ASSETCATALOG_COMPILER_GLOBAL_ACCENT_COLOR_NAME = AccentColor;
				CODE_SIGN_STYLE = Automatic;
				INFOPLIST_FILE = flixster/Info.plist;
				LD_RUNPATH_SEARCH_PATHS = (
					"$(inherited)",
					"@executable_path/Frameworks",
				);
				PRODUCT_BUNDLE_IDENTIFIER = "houyhourung88-gmail.com.flixster";
				PRODUCT_NAME = "$(TARGET_NAME)";
				SWIFT_VERSION = 5.0;
				TARGETED_DEVICE_FAMILY = "1,2";
			};
			name = Release;
		};
		D603851E25DF562B00FC7F5F /* Debug */ = {
			isa = XCBuildConfiguration;
			buildSettings = {
				ALWAYS_EMBED_SWIFT_STANDARD_LIBRARIES = YES;
				BUNDLE_LOADER = "$(TEST_HOST)";
				CODE_SIGN_STYLE = Automatic;
				INFOPLIST_FILE = flixsterTests/Info.plist;
				IPHONEOS_DEPLOYMENT_TARGET = 14.4;
				LD_RUNPATH_SEARCH_PATHS = (
					"$(inherited)",
					"@executable_path/Frameworks",
					"@loader_path/Frameworks",
				);
				PRODUCT_BUNDLE_IDENTIFIER = "houyhourung88-gmail.com.flixsterTests";
				PRODUCT_NAME = "$(TARGET_NAME)";
				SWIFT_VERSION = 5.0;
				TARGETED_DEVICE_FAMILY = "1,2";
				TEST_HOST = "$(BUILT_PRODUCTS_DIR)/flixster.app/flixster";
			};
			name = Debug;
		};
		D603851F25DF562B00FC7F5F /* Release */ = {
			isa = XCBuildConfiguration;
			buildSettings = {
				ALWAYS_EMBED_SWIFT_STANDARD_LIBRARIES = YES;
				BUNDLE_LOADER = "$(TEST_HOST)";
				CODE_SIGN_STYLE = Automatic;
				INFOPLIST_FILE = flixsterTests/Info.plist;
				IPHONEOS_DEPLOYMENT_TARGET = 14.4;
				LD_RUNPATH_SEARCH_PATHS = (
					"$(inherited)",
					"@executable_path/Frameworks",
					"@loader_path/Frameworks",
				);
				PRODUCT_BUNDLE_IDENTIFIER = "houyhourung88-gmail.com.flixsterTests";
				PRODUCT_NAME = "$(TARGET_NAME)";
				SWIFT_VERSION = 5.0;
				TARGETED_DEVICE_FAMILY = "1,2";
				TEST_HOST = "$(BUILT_PRODUCTS_DIR)/flixster.app/flixster";
			};
			name = Release;
		};
		D603852125DF562B00FC7F5F /* Debug */ = {
			isa = XCBuildConfiguration;
			buildSettings = {
				ALWAYS_EMBED_SWIFT_STANDARD_LIBRARIES = YES;
				CODE_SIGN_STYLE = Automatic;
				INFOPLIST_FILE = flixsterUITests/Info.plist;
				LD_RUNPATH_SEARCH_PATHS = (
					"$(inherited)",
					"@executable_path/Frameworks",
					"@loader_path/Frameworks",
				);
				PRODUCT_BUNDLE_IDENTIFIER = "houyhourung88-gmail.com.flixsterUITests";
				PRODUCT_NAME = "$(TARGET_NAME)";
				SWIFT_VERSION = 5.0;
				TARGETED_DEVICE_FAMILY = "1,2";
				TEST_TARGET_NAME = flixster;
			};
			name = Debug;
		};
		D603852225DF562B00FC7F5F /* Release */ = {
			isa = XCBuildConfiguration;
			buildSettings = {
				ALWAYS_EMBED_SWIFT_STANDARD_LIBRARIES = YES;
				CODE_SIGN_STYLE = Automatic;
				INFOPLIST_FILE = flixsterUITests/Info.plist;
				LD_RUNPATH_SEARCH_PATHS = (
					"$(inherited)",
					"@executable_path/Frameworks",
					"@loader_path/Frameworks",
				);
				PRODUCT_BUNDLE_IDENTIFIER = "houyhourung88-gmail.com.flixsterUITests";
				PRODUCT_NAME = "$(TARGET_NAME)";
				SWIFT_VERSION = 5.0;
				TARGETED_DEVICE_FAMILY = "1,2";
				TEST_TARGET_NAME = flixster;
			};
			name = Release;
		};
/* End XCBuildConfiguration section */

/* Begin XCConfigurationList section */
		D60384EB25DF562800FC7F5F /* Build configuration list for PBXProject "flixster" */ = {
			isa = XCConfigurationList;
			buildConfigurations = (
				D603851825DF562B00FC7F5F /* Debug */,
				D603851925DF562B00FC7F5F /* Release */,
			);
			defaultConfigurationIsVisible = 0;
			defaultConfigurationName = Release;
		};
		D603851A25DF562B00FC7F5F /* Build configuration list for PBXNativeTarget "flixster" */ = {
			isa = XCConfigurationList;
			buildConfigurations = (
				D603851B25DF562B00FC7F5F /* Debug */,
				D603851C25DF562B00FC7F5F /* Release */,
			);
			defaultConfigurationIsVisible = 0;
			defaultConfigurationName = Release;
		};
		D603851D25DF562B00FC7F5F /* Build configuration list for PBXNativeTarget "flixsterTests" */ = {
			isa = XCConfigurationList;
			buildConfigurations = (
				D603851E25DF562B00FC7F5F /* Debug */,
				D603851F25DF562B00FC7F5F /* Release */,
			);
			defaultConfigurationIsVisible = 0;
			defaultConfigurationName = Release;
		};
		D603852025DF562B00FC7F5F /* Build configuration list for PBXNativeTarget "flixsterUITests" */ = {
			isa = XCConfigurationList;
			buildConfigurations = (
				D603852125DF562B00FC7F5F /* Debug */,
				D603852225DF562B00FC7F5F /* Release */,
			);
			defaultConfigurationIsVisible = 0;
			defaultConfigurationName = Release;
		};
/* End XCConfigurationList section */
	};
	rootObject = D60384E825DF562800FC7F5F /* Project object */;
}
